{
  "lockfileVersion": 1,
  "configVersion": 1,
  "workspaces": {
    "": {
      "name": "onsen-coffee",
      "dependencies": {
        "zone.js": "0.15.0",
      },
    },
  },
  "packages": {
    "zone.js": ["zone.js@0.15.0", "", {}, "sha512-9oxn0IIjbCZkJ67L+LkhYWRyAy7axphb3VgE2MBDlOqnmHMPWGYMxJxBYFueFq/JGY2GMwS0rU+UCLunEmy5UA=="],
  }
}
